
Microsoft Visual Studio Solution File, Format Version 12.00
# Visual Studio 14
VisualStudioVersion = 14.0.25420.1
MinimumVisualStudioVersion = 10.0.40219.1
Project("{FAE04EC0-301F-11D3-BF4B-00C04F79EFBC}") = "AsyncAwait", "AsyncAwait\AsyncAwait.csproj", "{BCDF5499-A397-4705-B728-024C254D14A5}"
EndProject
Global
	GlobalSection(SolutionConfigurationPlatforms) = preSolution
		Debug|Any CPU = Debug|Any CPU
		Release|Any CPU = Release|Any CPU
	EndGlobalSection
	GlobalSection(ProjectConfigurationPlatforms) = postSolution
		{BCDF5499-A397-4705-B728-024C254D14A5}.Debug|Any CPU.ActiveCfg = Debug|Any CPU
		{BCDF5499-A397-4705-B728-024C254D14A5}.Debug|Any CPU.Build.0 = Debug|Any CPU
		{BCDF5499-A397-4705-B728-024C254D14A5}.Release|Any CPU.ActiveCfg = Release|Any CPU
		{BCDF5499-A397-4705-B728-024C254D14A5}.Release|Any CPU.Build.0 = Release|Any CPU
	EndGlobalSection
	GlobalSection(SolutionProperties) = preSolution
		HideSolutionNode = FALSE
	EndGlobalSection
EndGlobal
